
Microsoft Visual Studio Solution File, Format Version 12.00
# Visual Studio Version 16
VisualStudioVersion = 16.0.31424.327
MinimumVisualStudioVersion = 10.0.40219.1
Project("{FAE04EC0-301F-11D3-BF4B-00C04F79EFBC}") = "KivaInstaller", "KivaInstaller.csproj", "{118BDB50-0D81-49CB-940C-64C017ED9BFD}"
EndProject
Global
	GlobalSection(SolutionConfigurationPlatforms) = preSolution
		Debug|Any CPU = Debug|Any CPU
		Release|Any CPU = Release|Any CPU
	EndGlobalSection
	GlobalSection(ProjectConfigurationPlatforms) = postSolution
		{118BDB50-0D81-49CB-940C-64C017ED9BFD}.Debug|Any CPU.ActiveCfg = Debug|Any CPU
		{118BDB50-0D81-49CB-940C-64C017ED9BFD}.Debug|Any CPU.Build.0 = Debug|Any CPU
		{118BDB50-0D81-49CB-940C-64C017ED9BFD}.Release|Any CPU.ActiveCfg = Release|Any CPU
		{118BDB50-0D81-49CB-940C-64C017ED9BFD}.Release|Any CPU.Build.0 = Release|Any CPU
	EndGlobalSection
	GlobalSection(SolutionProperties) = preSolution
		HideSolutionNode = FALSE
	EndGlobalSection
	GlobalSection(ExtensibilityGlobals) = postSolution
		SolutionGuid = {FB97D31F-27FC-4209-BF73-41D9A5546C40}
	EndGlobalSection
EndGlobal
